
Microsoft Visual Studio Solution File, Format Version 12.00
# Visual Studio 15
VisualStudioVersion = 15.0.26124.0
MinimumVisualStudioVersion = 15.0.26124.0
Project("{2150E333-8FDC-42A3-9474-1A3956D46DE8}") = "Solution Items", "Solution Items", "{104CC627-6075-4004-AB85-9A4314B2152F}"
ProjectSection(SolutionItems) = preProject
	.editorconfig = .editorconfig
	.gitignore = .gitignore
	global.json = global.json
	README.md = README.md
EndProjectSection
EndProject
Project("{2150E333-8FDC-42A3-9474-1A3956D46DE8}") = "src", "src", "{C21F1960-8F16-4AB0-8162-8CB8FE7F41C9}"
EndProject
Project("{FAE04EC0-301F-11D3-BF4B-00C04F79EFBC}") = "Strategy", "src\Strategy\Strategy.csproj", "{AEBD17A4-E122-46E4-8583-A8EEB149F2CD}"
EndProject
Project("{FAE04EC0-301F-11D3-BF4B-00C04F79EFBC}") = "Playground", "src\Playground\Playground.csproj", "{8834EE23-D69E-433B-9F3A-A40D19C12FC6}"
EndProject
Project("{FAE04EC0-301F-11D3-BF4B-00C04F79EFBC}") = "Observer", "src\Observer\Observer.csproj", "{A44259CF-648B-4499-A289-3F5AA7570704}"
EndProject
Project("{FAE04EC0-301F-11D3-BF4B-00C04F79EFBC}") = "Decorator", "src\Decorator\Decorator.csproj", "{7BDCFA6D-ED2C-424D-9F6C-8C8AF31B97D3}"
EndProject
Project("{FAE04EC0-301F-11D3-BF4B-00C04F79EFBC}") = "Fabric", "src\Fabric\Fabric.csproj", "{2293DB80-9D98-4FFA-80C7-907DA82A3372}"
EndProject
Project("{FAE04EC0-301F-11D3-BF4B-00C04F79EFBC}") = "Singleton", "src\Singleton\Singleton.csproj", "{656A2976-9CD8-4360-B814-2C8091A24A98}"
EndProject
Project("{FAE04EC0-301F-11D3-BF4B-00C04F79EFBC}") = "Command", "src\Command\Command.csproj", "{A14A23DD-0A43-4CD5-B149-724D7BFBDFD6}"
EndProject
Project("{FAE04EC0-301F-11D3-BF4B-00C04F79EFBC}") = "Adapter", "src\Adapter\Adapter.csproj", "{09332AF3-1F86-4090-B9FE-1B5FFBE35D68}"
EndProject
Project("{FAE04EC0-301F-11D3-BF4B-00C04F79EFBC}") = "Facade", "src\Facade\Facade.csproj", "{25DB95DB-38C2-43C0-9C01-07FE4AA23427}"
EndProject
Project("{FAE04EC0-301F-11D3-BF4B-00C04F79EFBC}") = "TemplateMethod", "src\TemplateMethod\TemplateMethod.csproj", "{1056DF35-7C8C-41A1-B308-D974BCA88E7C}"
EndProject
Project("{FAE04EC0-301F-11D3-BF4B-00C04F79EFBC}") = "Iterator", "src\Iterator\Iterator.csproj", "{67C3FEF6-E7C2-4D6B-868B-2F57B4B3BF3B}"
EndProject
Project("{2150E333-8FDC-42A3-9474-1A3956D46DE8}") = "Creational", "Creational", "{F6DE3B26-532F-466A-98F5-B8440180167B}"
EndProject
Project("{2150E333-8FDC-42A3-9474-1A3956D46DE8}") = "Structural", "Structural", "{6EC6F896-4672-4314-978E-39D3684B6B90}"
EndProject
Project("{2150E333-8FDC-42A3-9474-1A3956D46DE8}") = "Behavioral", "Behavioral", "{FF27A9E3-FBE4-408B-92C5-C52F2552E6EF}"
EndProject
Project("{FAE04EC0-301F-11D3-BF4B-00C04F79EFBC}") = "Builder", "src\Builder\Builder.csproj", "{3AE8FA66-B451-4B67-8AB5-142E2DFA1F7C}"
EndProject
Global
	GlobalSection(SolutionConfigurationPlatforms) = preSolution
		Debug|Any CPU = Debug|Any CPU
		Debug|x64 = Debug|x64
		Debug|x86 = Debug|x86
		Release|Any CPU = Release|Any CPU
		Release|x64 = Release|x64
		Release|x86 = Release|x86
	EndGlobalSection
	GlobalSection(SolutionProperties) = preSolution
		HideSolutionNode = FALSE
	EndGlobalSection
	GlobalSection(ProjectConfigurationPlatforms) = postSolution
		{AEBD17A4-E122-46E4-8583-A8EEB149F2CD}.Debug|Any CPU.ActiveCfg = Debug|Any CPU
		{AEBD17A4-E122-46E4-8583-A8EEB149F2CD}.Debug|Any CPU.Build.0 = Debug|Any CPU
		{AEBD17A4-E122-46E4-8583-A8EEB149F2CD}.Debug|x64.ActiveCfg = Debug|Any CPU
		{AEBD17A4-E122-46E4-8583-A8EEB149F2CD}.Debug|x64.Build.0 = Debug|Any CPU
		{AEBD17A4-E122-46E4-8583-A8EEB149F2CD}.Debug|x86.ActiveCfg = Debug|Any CPU
		{AEBD17A4-E122-46E4-8583-A8EEB149F2CD}.Debug|x86.Build.0 = Debug|Any CPU
		{AEBD17A4-E122-46E4-8583-A8EEB149F2CD}.Release|Any CPU.ActiveCfg = Release|Any CPU
		{AEBD17A4-E122-46E4-8583-A8EEB149F2CD}.Release|Any CPU.Build.0 = Release|Any CPU
		{AEBD17A4-E122-46E4-8583-A8EEB149F2CD}.Release|x64.ActiveCfg = Release|Any CPU
		{AEBD17A4-E122-46E4-8583-A8EEB149F2CD}.Release|x64.Build.0 = Release|Any CPU
		{AEBD17A4-E122-46E4-8583-A8EEB149F2CD}.Release|x86.ActiveCfg = Release|Any CPU
		{AEBD17A4-E122-46E4-8583-A8EEB149F2CD}.Release|x86.Build.0 = Release|Any CPU
		{8834EE23-D69E-433B-9F3A-A40D19C12FC6}.Debug|Any CPU.ActiveCfg = Debug|Any CPU
		{8834EE23-D69E-433B-9F3A-A40D19C12FC6}.Debug|Any CPU.Build.0 = Debug|Any CPU
		{8834EE23-D69E-433B-9F3A-A40D19C12FC6}.Debug|x64.ActiveCfg = Debug|Any CPU
		{8834EE23-D69E-433B-9F3A-A40D19C12FC6}.Debug|x64.Build.0 = Debug|Any CPU
		{8834EE23-D69E-433B-9F3A-A40D19C12FC6}.Debug|x86.ActiveCfg = Debug|Any CPU
		{8834EE23-D69E-433B-9F3A-A40D19C12FC6}.Debug|x86.Build.0 = Debug|Any CPU
		{8834EE23-D69E-433B-9F3A-A40D19C12FC6}.Release|Any CPU.ActiveCfg = Release|Any CPU
		{8834EE23-D69E-433B-9F3A-A40D19C12FC6}.Release|Any CPU.Build.0 = Release|Any CPU
		{8834EE23-D69E-433B-9F3A-A40D19C12FC6}.Release|x64.ActiveCfg = Release|Any CPU
		{8834EE23-D69E-433B-9F3A-A40D19C12FC6}.Release|x64.Build.0 = Release|Any CPU
		{8834EE23-D69E-433B-9F3A-A40D19C12FC6}.Release|x86.ActiveCfg = Release|Any CPU
		{8834EE23-D69E-433B-9F3A-A40D19C12FC6}.Release|x86.Build.0 = Release|Any CPU
		{A44259CF-648B-4499-A289-3F5AA7570704}.Debug|Any CPU.ActiveCfg = Debug|Any CPU
		{A44259CF-648B-4499-A289-3F5AA7570704}.Debug|Any CPU.Build.0 = Debug|Any CPU
		{A44259CF-648B-4499-A289-3F5AA7570704}.Debug|x64.ActiveCfg = Debug|Any CPU
		{A44259CF-648B-4499-A289-3F5AA7570704}.Debug|x64.Build.0 = Debug|Any CPU
		{A44259CF-648B-4499-A289-3F5AA7570704}.Debug|x86.ActiveCfg = Debug|Any CPU
		{A44259CF-648B-4499-A289-3F5AA7570704}.Debug|x86.Build.0 = Debug|Any CPU
		{A44259CF-648B-4499-A289-3F5AA7570704}.Release|Any CPU.ActiveCfg = Release|Any CPU
		{A44259CF-648B-4499-A289-3F5AA7570704}.Release|Any CPU.Build.0 = Release|Any CPU
		{A44259CF-648B-4499-A289-3F5AA7570704}.Release|x64.ActiveCfg = Release|Any CPU
		{A44259CF-648B-4499-A289-3F5AA7570704}.Release|x64.Build.0 = Release|Any CPU
		{A44259CF-648B-4499-A289-3F5AA7570704}.Release|x86.ActiveCfg = Release|Any CPU
		{A44259CF-648B-4499-A289-3F5AA7570704}.Release|x86.Build.0 = Release|Any CPU
		{7BDCFA6D-ED2C-424D-9F6C-8C8AF31B97D3}.Debug|Any CPU.ActiveCfg = Debug|Any CPU
		{7BDCFA6D-ED2C-424D-9F6C-8C8AF31B97D3}.Debug|Any CPU.Build.0 = Debug|Any CPU
		{7BDCFA6D-ED2C-424D-9F6C-8C8AF31B97D3}.Debug|x64.ActiveCfg = Debug|Any CPU
		{7BDCFA6D-ED2C-424D-9F6C-8C8AF31B97D3}.Debug|x64.Build.0 = Debug|Any CPU
		{7BDCFA6D-ED2C-424D-9F6C-8C8AF31B97D3}.Debug|x86.ActiveCfg = Debug|Any CPU
		{7BDCFA6D-ED2C-424D-9F6C-8C8AF31B97D3}.Debug|x86.Build.0 = Debug|Any CPU
		{7BDCFA6D-ED2C-424D-9F6C-8C8AF31B97D3}.Release|Any CPU.ActiveCfg = Release|Any CPU
		{7BDCFA6D-ED2C-424D-9F6C-8C8AF31B97D3}.Release|Any CPU.Build.0 = Release|Any CPU
		{7BDCFA6D-ED2C-424D-9F6C-8C8AF31B97D3}.Release|x64.ActiveCfg = Release|Any CPU
		{7BDCFA6D-ED2C-424D-9F6C-8C8AF31B97D3}.Release|x64.Build.0 = Release|Any CPU
		{7BDCFA6D-ED2C-424D-9F6C-8C8AF31B97D3}.Release|x86.ActiveCfg = Release|Any CPU
		{7BDCFA6D-ED2C-424D-9F6C-8C8AF31B97D3}.Release|x86.Build.0 = Release|Any CPU
		{2293DB80-9D98-4FFA-80C7-907DA82A3372}.Debug|Any CPU.ActiveCfg = Debug|Any CPU
		{2293DB80-9D98-4FFA-80C7-907DA82A3372}.Debug|Any CPU.Build.0 = Debug|Any CPU
		{2293DB80-9D98-4FFA-80C7-907DA82A3372}.Debug|x64.ActiveCfg = Debug|Any CPU
		{2293DB80-9D98-4FFA-80C7-907DA82A3372}.Debug|x64.Build.0 = Debug|Any CPU
		{2293DB80-9D98-4FFA-80C7-907DA82A3372}.Debug|x86.ActiveCfg = Debug|Any CPU
		{2293DB80-9D98-4FFA-80C7-907DA82A3372}.Debug|x86.Build.0 = Debug|Any CPU
		{2293DB80-9D98-4FFA-80C7-907DA82A3372}.Release|Any CPU.ActiveCfg = Release|Any CPU
		{2293DB80-9D98-4FFA-80C7-907DA82A3372}.Release|Any CPU.Build.0 = Release|Any CPU
		{2293DB80-9D98-4FFA-80C7-907DA82A3372}.Release|x64.ActiveCfg = Release|Any CPU
		{2293DB80-9D98-4FFA-80C7-907DA82A3372}.Release|x64.Build.0 = Release|Any CPU
		{2293DB80-9D98-4FFA-80C7-907DA82A3372}.Release|x86.ActiveCfg = Release|Any CPU
		{2293DB80-9D98-4FFA-80C7-907DA82A3372}.Release|x86.Build.0 = Release|Any CPU
		{656A2976-9CD8-4360-B814-2C8091A24A98}.Debug|Any CPU.ActiveCfg = Debug|Any CPU
		{656A2976-9CD8-4360-B814-2C8091A24A98}.Debug|Any CPU.Build.0 = Debug|Any CPU
		{656A2976-9CD8-4360-B814-2C8091A24A98}.Debug|x64.ActiveCfg = Debug|Any CPU
		{656A2976-9CD8-4360-B814-2C8091A24A98}.Debug|x64.Build.0 = Debug|Any CPU
		{656A2976-9CD8-4360-B814-2C8091A24A98}.Debug|x86.ActiveCfg = Debug|Any CPU
		{656A2976-9CD8-4360-B814-2C8091A24A98}.Debug|x86.Build.0 = Debug|Any CPU
		{656A2976-9CD8-4360-B814-2C8091A24A98}.Release|Any CPU.ActiveCfg = Release|Any CPU
		{656A2976-9CD8-4360-B814-2C8091A24A98}.Release|Any CPU.Build.0 = Release|Any CPU
		{656A2976-9CD8-4360-B814-2C8091A24A98}.Release|x64.ActiveCfg = Release|Any CPU
		{656A2976-9CD8-4360-B814-2C8091A24A98}.Release|x64.Build.0 = Release|Any CPU
		{656A2976-9CD8-4360-B814-2C8091A24A98}.Release|x86.ActiveCfg = Release|Any CPU
		{656A2976-9CD8-4360-B814-2C8091A24A98}.Release|x86.Build.0 = Release|Any CPU
		{A14A23DD-0A43-4CD5-B149-724D7BFBDFD6}.Debug|Any CPU.ActiveCfg = Debug|Any CPU
		{A14A23DD-0A43-4CD5-B149-724D7BFBDFD6}.Debug|Any CPU.Build.0 = Debug|Any CPU
		{A14A23DD-0A43-4CD5-B149-724D7BFBDFD6}.Debug|x64.ActiveCfg = Debug|Any CPU
		{A14A23DD-0A43-4CD5-B149-724D7BFBDFD6}.Debug|x64.Build.0 = Debug|Any CPU
		{A14A23DD-0A43-4CD5-B149-724D7BFBDFD6}.Debug|x86.ActiveCfg = Debug|Any CPU
		{A14A23DD-0A43-4CD5-B149-724D7BFBDFD6}.Debug|x86.Build.0 = Debug|Any CPU
		{A14A23DD-0A43-4CD5-B149-724D7BFBDFD6}.Release|Any CPU.ActiveCfg = Release|Any CPU
		{A14A23DD-0A43-4CD5-B149-724D7BFBDFD6}.Release|Any CPU.Build.0 = Release|Any CPU
		{A14A23DD-0A43-4CD5-B149-724D7BFBDFD6}.Release|x64.ActiveCfg = Release|Any CPU
		{A14A23DD-0A43-4CD5-B149-724D7BFBDFD6}.Release|x64.Build.0 = Release|Any CPU
		{A14A23DD-0A43-4CD5-B149-724D7BFBDFD6}.Release|x86.ActiveCfg = Release|Any CPU
		{A14A23DD-0A43-4CD5-B149-724D7BFBDFD6}.Release|x86.Build.0 = Release|Any CPU
		{09332AF3-1F86-4090-B9FE-1B5FFBE35D68}.Debug|Any CPU.ActiveCfg = Debug|Any CPU
		{09332AF3-1F86-4090-B9FE-1B5FFBE35D68}.Debug|Any CPU.Build.0 = Debug|Any CPU
		{09332AF3-1F86-4090-B9FE-1B5FFBE35D68}.Debug|x64.ActiveCfg = Debug|Any CPU
		{09332AF3-1F86-4090-B9FE-1B5FFBE35D68}.Debug|x64.Build.0 = Debug|Any CPU
		{09332AF3-1F86-4090-B9FE-1B5FFBE35D68}.Debug|x86.ActiveCfg = Debug|Any CPU
		{09332AF3-1F86-4090-B9FE-1B5FFBE35D68}.Debug|x86.Build.0 = Debug|Any CPU
		{09332AF3-1F86-4090-B9FE-1B5FFBE35D68}.Release|Any CPU.ActiveCfg = Release|Any CPU
		{09332AF3-1F86-4090-B9FE-1B5FFBE35D68}.Release|Any CPU.Build.0 = Release|Any CPU
		{09332AF3-1F86-4090-B9FE-1B5FFBE35D68}.Release|x64.ActiveCfg = Release|Any CPU
		{09332AF3-1F86-4090-B9FE-1B5FFBE35D68}.Release|x64.Build.0 = Release|Any CPU
		{09332AF3-1F86-4090-B9FE-1B5FFBE35D68}.Release|x86.ActiveCfg = Release|Any CPU
		{09332AF3-1F86-4090-B9FE-1B5FFBE35D68}.Release|x86.Build.0 = Release|Any CPU
		{25DB95DB-38C2-43C0-9C01-07FE4AA23427}.Debug|Any CPU.ActiveCfg = Debug|Any CPU
		{25DB95DB-38C2-43C0-9C01-07FE4AA23427}.Debug|Any CPU.Build.0 = Debug|Any CPU
		{25DB95DB-38C2-43C0-9C01-07FE4AA23427}.Debug|x64.ActiveCfg = Debug|Any CPU
		{25DB95DB-38C2-43C0-9C01-07FE4AA23427}.Debug|x64.Build.0 = Debug|Any CPU
		{25DB95DB-38C2-43C0-9C01-07FE4AA23427}.Debug|x86.ActiveCfg = Debug|Any CPU
		{25DB95DB-38C2-43C0-9C01-07FE4AA23427}.Debug|x86.Build.0 = Debug|Any CPU
		{25DB95DB-38C2-43C0-9C01-07FE4AA23427}.Release|Any CPU.ActiveCfg = Release|Any CPU
		{25DB95DB-38C2-43C0-9C01-07FE4AA23427}.Release|Any CPU.Build.0 = Release|Any CPU
		{25DB95DB-38C2-43C0-9C01-07FE4AA23427}.Release|x64.ActiveCfg = Release|Any CPU
		{25DB95DB-38C2-43C0-9C01-07FE4AA23427}.Release|x64.Build.0 = Release|Any CPU
		{25DB95DB-38C2-43C0-9C01-07FE4AA23427}.Release|x86.ActiveCfg = Release|Any CPU
		{25DB95DB-38C2-43C0-9C01-07FE4AA23427}.Release|x86.Build.0 = Release|Any CPU
		{1056DF35-7C8C-41A1-B308-D974BCA88E7C}.Debug|Any CPU.ActiveCfg = Debug|Any CPU
		{1056DF35-7C8C-41A1-B308-D974BCA88E7C}.Debug|Any CPU.Build.0 = Debug|Any CPU
		{1056DF35-7C8C-41A1-B308-D974BCA88E7C}.Debug|x64.ActiveCfg = Debug|Any CPU
		{1056DF35-7C8C-41A1-B308-D974BCA88E7C}.Debug|x64.Build.0 = Debug|Any CPU
		{1056DF35-7C8C-41A1-B308-D974BCA88E7C}.Debug|x86.ActiveCfg = Debug|Any CPU
		{1056DF35-7C8C-41A1-B308-D974BCA88E7C}.Debug|x86.Build.0 = Debug|Any CPU
		{1056DF35-7C8C-41A1-B308-D974BCA88E7C}.Release|Any CPU.ActiveCfg = Release|Any CPU
		{1056DF35-7C8C-41A1-B308-D974BCA88E7C}.Release|Any CPU.Build.0 = Release|Any CPU
		{1056DF35-7C8C-41A1-B308-D974BCA88E7C}.Release|x64.ActiveCfg = Release|Any CPU
		{1056DF35-7C8C-41A1-B308-D974BCA88E7C}.Release|x64.Build.0 = Release|Any CPU
		{1056DF35-7C8C-41A1-B308-D974BCA88E7C}.Release|x86.ActiveCfg = Release|Any CPU
		{1056DF35-7C8C-41A1-B308-D974BCA88E7C}.Release|x86.Build.0 = Release|Any CPU
		{67C3FEF6-E7C2-4D6B-868B-2F57B4B3BF3B}.Debug|Any CPU.ActiveCfg = Debug|Any CPU
		{67C3FEF6-E7C2-4D6B-868B-2F57B4B3BF3B}.Debug|Any CPU.Build.0 = Debug|Any CPU
		{67C3FEF6-E7C2-4D6B-868B-2F57B4B3BF3B}.Debug|x64.ActiveCfg = Debug|Any CPU
		{67C3FEF6-E7C2-4D6B-868B-2F57B4B3BF3B}.Debug|x64.Build.0 = Debug|Any CPU
		{67C3FEF6-E7C2-4D6B-868B-2F57B4B3BF3B}.Debug|x86.ActiveCfg = Debug|Any CPU
		{67C3FEF6-E7C2-4D6B-868B-2F57B4B3BF3B}.Debug|x86.Build.0 = Debug|Any CPU
		{67C3FEF6-E7C2-4D6B-868B-2F57B4B3BF3B}.Release|Any CPU.ActiveCfg = Release|Any CPU
		{67C3FEF6-E7C2-4D6B-868B-2F57B4B3BF3B}.Release|Any CPU.Build.0 = Release|Any CPU
		{67C3FEF6-E7C2-4D6B-868B-2F57B4B3BF3B}.Release|x64.ActiveCfg = Release|Any CPU
		{67C3FEF6-E7C2-4D6B-868B-2F57B4B3BF3B}.Release|x64.Build.0 = Release|Any CPU
		{67C3FEF6-E7C2-4D6B-868B-2F57B4B3BF3B}.Release|x86.ActiveCfg = Release|Any CPU
		{67C3FEF6-E7C2-4D6B-868B-2F57B4B3BF3B}.Release|x86.Build.0 = Release|Any CPU
		{3AE8FA66-B451-4B67-8AB5-142E2DFA1F7C}.Debug|Any CPU.ActiveCfg = Debug|Any CPU
		{3AE8FA66-B451-4B67-8AB5-142E2DFA1F7C}.Debug|Any CPU.Build.0 = Debug|Any CPU
		{3AE8FA66-B451-4B67-8AB5-142E2DFA1F7C}.Debug|x64.ActiveCfg = Debug|Any CPU
		{3AE8FA66-B451-4B67-8AB5-142E2DFA1F7C}.Debug|x64.Build.0 = Debug|Any CPU
		{3AE8FA66-B451-4B67-8AB5-142E2DFA1F7C}.Debug|x86.ActiveCfg = Debug|Any CPU
		{3AE8FA66-B451-4B67-8AB5-142E2DFA1F7C}.Debug|x86.Build.0 = Debug|Any CPU
		{3AE8FA66-B451-4B67-8AB5-142E2DFA1F7C}.Release|Any CPU.ActiveCfg = Release|Any CPU
		{3AE8FA66-B451-4B67-8AB5-142E2DFA1F7C}.Release|Any CPU.Build.0 = Release|Any CPU
		{3AE8FA66-B451-4B67-8AB5-142E2DFA1F7C}.Release|x64.ActiveCfg = Release|Any CPU
		{3AE8FA66-B451-4B67-8AB5-142E2DFA1F7C}.Release|x64.Build.0 = Release|Any CPU
		{3AE8FA66-B451-4B67-8AB5-142E2DFA1F7C}.Release|x86.ActiveCfg = Release|Any CPU
		{3AE8FA66-B451-4B67-8AB5-142E2DFA1F7C}.Release|x86.Build.0 = Release|Any CPU
	EndGlobalSection
	GlobalSection(NestedProjects) = preSolution
		{8834EE23-D69E-433B-9F3A-A40D19C12FC6} = {C21F1960-8F16-4AB0-8162-8CB8FE7F41C9}
		{F6DE3B26-532F-466A-98F5-B8440180167B} = {C21F1960-8F16-4AB0-8162-8CB8FE7F41C9}
		{6EC6F896-4672-4314-978E-39D3684B6B90} = {C21F1960-8F16-4AB0-8162-8CB8FE7F41C9}
		{FF27A9E3-FBE4-408B-92C5-C52F2552E6EF} = {C21F1960-8F16-4AB0-8162-8CB8FE7F41C9}
		{09332AF3-1F86-4090-B9FE-1B5FFBE35D68} = {6EC6F896-4672-4314-978E-39D3684B6B90}
		{A14A23DD-0A43-4CD5-B149-724D7BFBDFD6} = {FF27A9E3-FBE4-408B-92C5-C52F2552E6EF}
		{7BDCFA6D-ED2C-424D-9F6C-8C8AF31B97D3} = {6EC6F896-4672-4314-978E-39D3684B6B90}
		{2293DB80-9D98-4FFA-80C7-907DA82A3372} = {F6DE3B26-532F-466A-98F5-B8440180167B}
		{25DB95DB-38C2-43C0-9C01-07FE4AA23427} = {6EC6F896-4672-4314-978E-39D3684B6B90}
		{67C3FEF6-E7C2-4D6B-868B-2F57B4B3BF3B} = {FF27A9E3-FBE4-408B-92C5-C52F2552E6EF}
		{A44259CF-648B-4499-A289-3F5AA7570704} = {FF27A9E3-FBE4-408B-92C5-C52F2552E6EF}
		{656A2976-9CD8-4360-B814-2C8091A24A98} = {F6DE3B26-532F-466A-98F5-B8440180167B}
		{AEBD17A4-E122-46E4-8583-A8EEB149F2CD} = {FF27A9E3-FBE4-408B-92C5-C52F2552E6EF}
		{1056DF35-7C8C-41A1-B308-D974BCA88E7C} = {FF27A9E3-FBE4-408B-92C5-C52F2552E6EF}
		{3AE8FA66-B451-4B67-8AB5-142E2DFA1F7C} = {F6DE3B26-532F-466A-98F5-B8440180167B}
	EndGlobalSection
EndGlobal
