
Microsoft Visual Studio Solution File, Format Version 12.00
# Visual Studio 15
VisualStudioVersion = 15.0.26124.0
MinimumVisualStudioVersion = 15.0.26124.0
Project("{2150E333-8FDC-42A3-9474-1A3956D46DE8}") = "src", "src", "{C21F1960-8F16-4AB0-8162-8CB8FE7F41C9}"
EndProject
Project("{FAE04EC0-301F-11D3-BF4B-00C04F79EFBC}") = "Strategy", "src\Strategy\Strategy.csproj", "{AEBD17A4-E122-46E4-8583-A8EEB149F2CD}"
EndProject
Project("{FAE04EC0-301F-11D3-BF4B-00C04F79EFBC}") = "Playground", "src\Playground\Playground.csproj", "{8834EE23-D69E-433B-9F3A-A40D19C12FC6}"
EndProject
Project("{FAE04EC0-301F-11D3-BF4B-00C04F79EFBC}") = "Observer", "src\Observer\Observer.csproj", "{A44259CF-648B-4499-A289-3F5AA7570704}"
EndProject
Project("{FAE04EC0-301F-11D3-BF4B-00C04F79EFBC}") = "Decorator", "src\Decorator\Decorator.csproj", "{7BDCFA6D-ED2C-424D-9F6C-8C8AF31B97D3}"
EndProject
Project("{FAE04EC0-301F-11D3-BF4B-00C04F79EFBC}") = "Fabric", "src\Fabric\Fabric.csproj", "{2293DB80-9D98-4FFA-80C7-907DA82A3372}"
EndProject
Global
	GlobalSection(SolutionConfigurationPlatforms) = preSolution
		Debug|Any CPU = Debug|Any CPU
		Debug|x64 = Debug|x64
		Debug|x86 = Debug|x86
		Release|Any CPU = Release|Any CPU
		Release|x64 = Release|x64
		Release|x86 = Release|x86
	EndGlobalSection
	GlobalSection(SolutionProperties) = preSolution
		HideSolutionNode = FALSE
	EndGlobalSection
	GlobalSection(ProjectConfigurationPlatforms) = postSolution
		{AEBD17A4-E122-46E4-8583-A8EEB149F2CD}.Debug|Any CPU.ActiveCfg = Debug|Any CPU
		{AEBD17A4-E122-46E4-8583-A8EEB149F2CD}.Debug|Any CPU.Build.0 = Debug|Any CPU
		{AEBD17A4-E122-46E4-8583-A8EEB149F2CD}.Debug|x64.ActiveCfg = Debug|Any CPU
		{AEBD17A4-E122-46E4-8583-A8EEB149F2CD}.Debug|x64.Build.0 = Debug|Any CPU
		{AEBD17A4-E122-46E4-8583-A8EEB149F2CD}.Debug|x86.ActiveCfg = Debug|Any CPU
		{AEBD17A4-E122-46E4-8583-A8EEB149F2CD}.Debug|x86.Build.0 = Debug|Any CPU
		{AEBD17A4-E122-46E4-8583-A8EEB149F2CD}.Release|Any CPU.ActiveCfg = Release|Any CPU
		{AEBD17A4-E122-46E4-8583-A8EEB149F2CD}.Release|Any CPU.Build.0 = Release|Any CPU
		{AEBD17A4-E122-46E4-8583-A8EEB149F2CD}.Release|x64.ActiveCfg = Release|Any CPU
		{AEBD17A4-E122-46E4-8583-A8EEB149F2CD}.Release|x64.Build.0 = Release|Any CPU
		{AEBD17A4-E122-46E4-8583-A8EEB149F2CD}.Release|x86.ActiveCfg = Release|Any CPU
		{AEBD17A4-E122-46E4-8583-A8EEB149F2CD}.Release|x86.Build.0 = Release|Any CPU
		{8834EE23-D69E-433B-9F3A-A40D19C12FC6}.Debug|Any CPU.ActiveCfg = Debug|Any CPU
		{8834EE23-D69E-433B-9F3A-A40D19C12FC6}.Debug|Any CPU.Build.0 = Debug|Any CPU
		{8834EE23-D69E-433B-9F3A-A40D19C12FC6}.Debug|x64.ActiveCfg = Debug|Any CPU
		{8834EE23-D69E-433B-9F3A-A40D19C12FC6}.Debug|x64.Build.0 = Debug|Any CPU
		{8834EE23-D69E-433B-9F3A-A40D19C12FC6}.Debug|x86.ActiveCfg = Debug|Any CPU
		{8834EE23-D69E-433B-9F3A-A40D19C12FC6}.Debug|x86.Build.0 = Debug|Any CPU
		{8834EE23-D69E-433B-9F3A-A40D19C12FC6}.Release|Any CPU.ActiveCfg = Release|Any CPU
		{8834EE23-D69E-433B-9F3A-A40D19C12FC6}.Release|Any CPU.Build.0 = Release|Any CPU
		{8834EE23-D69E-433B-9F3A-A40D19C12FC6}.Release|x64.ActiveCfg = Release|Any CPU
		{8834EE23-D69E-433B-9F3A-A40D19C12FC6}.Release|x64.Build.0 = Release|Any CPU
		{8834EE23-D69E-433B-9F3A-A40D19C12FC6}.Release|x86.ActiveCfg = Release|Any CPU
		{8834EE23-D69E-433B-9F3A-A40D19C12FC6}.Release|x86.Build.0 = Release|Any CPU
		{A44259CF-648B-4499-A289-3F5AA7570704}.Debug|Any CPU.ActiveCfg = Debug|Any CPU
		{A44259CF-648B-4499-A289-3F5AA7570704}.Debug|Any CPU.Build.0 = Debug|Any CPU
		{A44259CF-648B-4499-A289-3F5AA7570704}.Debug|x64.ActiveCfg = Debug|Any CPU
		{A44259CF-648B-4499-A289-3F5AA7570704}.Debug|x64.Build.0 = Debug|Any CPU
		{A44259CF-648B-4499-A289-3F5AA7570704}.Debug|x86.ActiveCfg = Debug|Any CPU
		{A44259CF-648B-4499-A289-3F5AA7570704}.Debug|x86.Build.0 = Debug|Any CPU
		{A44259CF-648B-4499-A289-3F5AA7570704}.Release|Any CPU.ActiveCfg = Release|Any CPU
		{A44259CF-648B-4499-A289-3F5AA7570704}.Release|Any CPU.Build.0 = Release|Any CPU
		{A44259CF-648B-4499-A289-3F5AA7570704}.Release|x64.ActiveCfg = Release|Any CPU
		{A44259CF-648B-4499-A289-3F5AA7570704}.Release|x64.Build.0 = Release|Any CPU
		{A44259CF-648B-4499-A289-3F5AA7570704}.Release|x86.ActiveCfg = Release|Any CPU
		{A44259CF-648B-4499-A289-3F5AA7570704}.Release|x86.Build.0 = Release|Any CPU
		{7BDCFA6D-ED2C-424D-9F6C-8C8AF31B97D3}.Debug|Any CPU.ActiveCfg = Debug|Any CPU
		{7BDCFA6D-ED2C-424D-9F6C-8C8AF31B97D3}.Debug|Any CPU.Build.0 = Debug|Any CPU
		{7BDCFA6D-ED2C-424D-9F6C-8C8AF31B97D3}.Debug|x64.ActiveCfg = Debug|Any CPU
		{7BDCFA6D-ED2C-424D-9F6C-8C8AF31B97D3}.Debug|x64.Build.0 = Debug|Any CPU
		{7BDCFA6D-ED2C-424D-9F6C-8C8AF31B97D3}.Debug|x86.ActiveCfg = Debug|Any CPU
		{7BDCFA6D-ED2C-424D-9F6C-8C8AF31B97D3}.Debug|x86.Build.0 = Debug|Any CPU
		{7BDCFA6D-ED2C-424D-9F6C-8C8AF31B97D3}.Release|Any CPU.ActiveCfg = Release|Any CPU
		{7BDCFA6D-ED2C-424D-9F6C-8C8AF31B97D3}.Release|Any CPU.Build.0 = Release|Any CPU
		{7BDCFA6D-ED2C-424D-9F6C-8C8AF31B97D3}.Release|x64.ActiveCfg = Release|Any CPU
		{7BDCFA6D-ED2C-424D-9F6C-8C8AF31B97D3}.Release|x64.Build.0 = Release|Any CPU
		{7BDCFA6D-ED2C-424D-9F6C-8C8AF31B97D3}.Release|x86.ActiveCfg = Release|Any CPU
		{7BDCFA6D-ED2C-424D-9F6C-8C8AF31B97D3}.Release|x86.Build.0 = Release|Any CPU
		{2293DB80-9D98-4FFA-80C7-907DA82A3372}.Debug|Any CPU.ActiveCfg = Debug|Any CPU
		{2293DB80-9D98-4FFA-80C7-907DA82A3372}.Debug|Any CPU.Build.0 = Debug|Any CPU
		{2293DB80-9D98-4FFA-80C7-907DA82A3372}.Debug|x64.ActiveCfg = Debug|Any CPU
		{2293DB80-9D98-4FFA-80C7-907DA82A3372}.Debug|x64.Build.0 = Debug|Any CPU
		{2293DB80-9D98-4FFA-80C7-907DA82A3372}.Debug|x86.ActiveCfg = Debug|Any CPU
		{2293DB80-9D98-4FFA-80C7-907DA82A3372}.Debug|x86.Build.0 = Debug|Any CPU
		{2293DB80-9D98-4FFA-80C7-907DA82A3372}.Release|Any CPU.ActiveCfg = Release|Any CPU
		{2293DB80-9D98-4FFA-80C7-907DA82A3372}.Release|Any CPU.Build.0 = Release|Any CPU
		{2293DB80-9D98-4FFA-80C7-907DA82A3372}.Release|x64.ActiveCfg = Release|Any CPU
		{2293DB80-9D98-4FFA-80C7-907DA82A3372}.Release|x64.Build.0 = Release|Any CPU
		{2293DB80-9D98-4FFA-80C7-907DA82A3372}.Release|x86.ActiveCfg = Release|Any CPU
		{2293DB80-9D98-4FFA-80C7-907DA82A3372}.Release|x86.Build.0 = Release|Any CPU
	EndGlobalSection
	GlobalSection(NestedProjects) = preSolution
		{AEBD17A4-E122-46E4-8583-A8EEB149F2CD} = {C21F1960-8F16-4AB0-8162-8CB8FE7F41C9}
		{8834EE23-D69E-433B-9F3A-A40D19C12FC6} = {C21F1960-8F16-4AB0-8162-8CB8FE7F41C9}
		{A44259CF-648B-4499-A289-3F5AA7570704} = {C21F1960-8F16-4AB0-8162-8CB8FE7F41C9}
		{7BDCFA6D-ED2C-424D-9F6C-8C8AF31B97D3} = {C21F1960-8F16-4AB0-8162-8CB8FE7F41C9}
		{2293DB80-9D98-4FFA-80C7-907DA82A3372} = {C21F1960-8F16-4AB0-8162-8CB8FE7F41C9}
	EndGlobalSection
EndGlobal
